{
    "name": "lightapi-wsapi",
    "version": "0.0.1",
    "lockfileVersion": 1,
    "requires": true,
    "dependencies": {
        "@babel/runtime": {
            "version": "7.6.0",
            "resolved": "https://registry.npmjs.org/@babel/runtime/-/runtime-7.6.0.tgz",
            "integrity": "sha512-89eSBLJsxNxOERC0Op4vd+0Bqm6wRMqMbFtV3i0/fbaWw/mJ8Q3eBvgX0G4SyrOOLCtbu98HspF8o09MRT+KzQ==",
            "requires": {
                "regenerator-runtime": "^0.13.2"
            },
            "dependencies": {
                "regenerator-runtime": {
                    "version": "0.13.7",
                    "resolved": "https://registry.npmjs.org/regenerator-runtime/-/regenerator-runtime-0.13.7.tgz",
                    "integrity": "sha512-a54FxoJDIr27pgf7IgeQGxmqUNYrcV338lf/6gH456HZ/PhX+5BcwHXG9ajESmwe6WRO0tAzRUrRmNONWgkrew=="
                }
            }
        },
        "@types/geojson": {
            "version": "7946.0.7",
            "resolved": "https://registry.npmjs.org/@types/geojson/-/geojson-7946.0.7.tgz",
            "integrity": "sha512-wE2v81i4C4Ol09RtsWFAqg3BUitWbHSpSlIo+bNdsCJijO9sjme+zm+73ZMCa/qMC8UEERxzGbvmr1cffo2SiQ=="
        },
        "@types/node": {
            "version": "14.14.35",
            "resolved": "https://registry.npmjs.org/@types/node/-/node-14.14.35.tgz",
            "integrity": "sha512-Lt+wj8NVPx0zUmUwumiVXapmaLUcAk3yPuHCFVXras9k5VT9TdhJqKqGVUQCD60OTMCl0qxJ57OiTL0Mic3Iag=="
        },
        "ansi-regex": {
            "version": "5.0.0",
            "resolved": "https://registry.npmjs.org/ansi-regex/-/ansi-regex-5.0.0.tgz",
            "integrity": "sha512-bY6fj56OUQ0hU1KjFNDQuJFezqKdrAyFdIevADiqrWHwSlbmBNMHp5ak2f40Pm8JTFyM2mqxkG6ngkHO11f/lg=="
        },
        "ansi-styles": {
            "version": "4.3.0",
            "resolved": "https://registry.npmjs.org/ansi-styles/-/ansi-styles-4.3.0.tgz",
            "integrity": "sha512-zbB9rCJAT1rbjiVDb2hqKFHNYLxgtk8NURxZ3IZwD3F6NtxbXZQCnnSi1Lkx+IDohdPlFp222wVALIheZJQSEg==",
            "requires": {
                "color-convert": "^2.0.1"
            }
        },
        "async": {
            "version": "1.5.2",
            "resolved": "https://registry.npmjs.org/async/-/async-1.5.2.tgz",
            "integrity": "sha1-7GphrlZIDAw8skHJVhjiCJL5Zyo="
        },
        "async-limiter": {
            "version": "1.0.1",
            "resolved": "https://registry.npmjs.org/async-limiter/-/async-limiter-1.0.1.tgz",
            "integrity": "sha512-csOlWGAcRFJaI6m+F2WKdnMKr4HhdhFVBk0H/QbJFMCr+uO2kwohwXQPxw/9OCxp05r5ghVBFSyioixx3gfkNQ=="
        },
        "babel-runtime": {
            "version": "6.26.0",
            "resolved": "https://registry.npmjs.org/babel-runtime/-/babel-runtime-6.26.0.tgz",
            "integrity": "sha1-llxwWGaOgrVde/4E/yM3vItWR/4=",
            "requires": {
                "core-js": "^2.4.0",
                "regenerator-runtime": "^0.11.0"
            }
        },
        "backo2": {
            "version": "1.0.2",
            "resolved": "https://registry.npmjs.org/backo2/-/backo2-1.0.2.tgz",
            "integrity": "sha1-MasayLEpNjRj41s+u2n038+6eUc="
        },
        "base-x": {
            "version": "3.0.8",
            "resolved": "https://registry.npmjs.org/base-x/-/base-x-3.0.8.tgz",
            "integrity": "sha512-Rl/1AWP4J/zRrk54hhlxH4drNxPJXYUaKffODVI53/dAsV4t9fBxyxYKAVPU1XBHxYwOWP9h9H0hM2MVw4YfJA==",
            "requires": {
                "safe-buffer": "^5.0.1"
            }
        },
        "bigi": {
            "version": "1.4.2",
            "resolved": "https://registry.npmjs.org/bigi/-/bigi-1.4.2.tgz",
            "integrity": "sha1-nGZalfiLiwj8Bc/XMfVhhZ1yWCU="
        },
        "browserify-aes": {
            "version": "1.0.6",
            "resolved": "https://registry.npmjs.org/browserify-aes/-/browserify-aes-1.0.6.tgz",
            "integrity": "sha1-Xncl297x/Vkw1OurSFZ85FHEigo=",
            "requires": {
                "buffer-xor": "^1.0.2",
                "cipher-base": "^1.0.0",
                "create-hash": "^1.1.0",
                "evp_bytestokey": "^1.0.0",
                "inherits": "^2.0.1"
            }
        },
        "bs58": {
            "version": "4.0.1",
            "resolved": "https://registry.npmjs.org/bs58/-/bs58-4.0.1.tgz",
            "integrity": "sha1-vhYedsNU9veIrkBx9j806MTwpCo=",
            "requires": {
                "base-x": "^3.0.2"
            }
        },
        "buffer-xor": {
            "version": "1.0.3",
            "resolved": "https://registry.npmjs.org/buffer-xor/-/buffer-xor-1.0.3.tgz",
            "integrity": "sha1-JuYe0UIvtw3ULm42cp7VHYVf6Nk="
        },
        "bytebuffer": {
            "version": "5.0.1",
            "resolved": "https://registry.npmjs.org/bytebuffer/-/bytebuffer-5.0.1.tgz",
            "integrity": "sha1-WC7qSxqHO20CCkjVjfhfC7ps/d0=",
            "requires": {
                "long": "~3"
            },
            "dependencies": {
                "long": {
                    "version": "3.2.0",
                    "resolved": "https://registry.npmjs.org/long/-/long-3.2.0.tgz",
                    "integrity": "sha1-2CG3E4yhy1gcFymQ7xTbIAtcR0s="
                }
            }
        },
        "cipher-base": {
            "version": "1.0.4",
            "resolved": "https://registry.npmjs.org/cipher-base/-/cipher-base-1.0.4.tgz",
            "integrity": "sha512-Kkht5ye6ZGmwv40uUDZztayT2ThLQGfnj/T71N/XzeZeo3nf8foyW7zGTsPYkEya3m5f3cAypH+qe7YOrM1U2Q==",
            "requires": {
                "inherits": "^2.0.1",
                "safe-buffer": "^5.0.1"
            }
        },
        "cliui": {
            "version": "7.0.4",
            "resolved": "https://registry.npmjs.org/cliui/-/cliui-7.0.4.tgz",
            "integrity": "sha512-OcRE68cOsVMXp1Yvonl/fzkQOyjLSu/8bhPDfQt0e0/Eb283TKP20Fs2MqoPsr9SwA595rRCA+QMzYc9nBP+JQ==",
            "requires": {
                "string-width": "^4.2.0",
                "strip-ansi": "^6.0.0",
                "wrap-ansi": "^7.0.0"
            }
        },
        "color-convert": {
            "version": "2.0.1",
            "resolved": "https://registry.npmjs.org/color-convert/-/color-convert-2.0.1.tgz",
            "integrity": "sha512-RRECPsj7iu/xb5oKYcsFHSppFNnsj/52OVTRKb4zP5onXwVF3zVmmToNcOfGC+CRDpfK/U584fMg38ZHCaElKQ==",
            "requires": {
                "color-name": "~1.1.4"
            }
        },
        "color-name": {
            "version": "1.1.4",
            "resolved": "https://registry.npmjs.org/color-name/-/color-name-1.1.4.tgz",
            "integrity": "sha512-dOy+3AuW3a2wNbZHIuMZpTcgjGuLU/uBL/ubcZF9OXbDo8ff4O8yVp5Bf0efS8uEoYo5q4Fx7dY9OgQGXgAsQA=="
        },
        "core-js": {
            "version": "2.6.12",
            "resolved": "https://registry.npmjs.org/core-js/-/core-js-2.6.12.tgz",
            "integrity": "sha512-Kb2wC0fvsWfQrgk8HU5lW6U/Lcs8+9aaYcy4ZFc6DDlo4nZ7n70dEgE5rtR0oG6ufKDUnrwfWL1mXR5ljDatrQ=="
        },
        "create-hash": {
            "version": "1.1.3",
            "resolved": "https://registry.npmjs.org/create-hash/-/create-hash-1.1.3.tgz",
            "integrity": "sha1-YGBCrIuSYnUPSDyt2rD1gZFy2P0=",
            "requires": {
                "cipher-base": "^1.0.1",
                "inherits": "^2.0.1",
                "ripemd160": "^2.0.0",
                "sha.js": "^2.4.0"
            }
        },
        "create-hmac": {
            "version": "1.1.6",
            "resolved": "https://registry.npmjs.org/create-hmac/-/create-hmac-1.1.6.tgz",
            "integrity": "sha1-rLniIaThe9sHbpBlfEK5PjcmzwY=",
            "requires": {
                "cipher-base": "^1.0.3",
                "create-hash": "^1.1.0",
                "inherits": "^2.0.1",
                "ripemd160": "^2.0.0",
                "safe-buffer": "^5.0.1",
                "sha.js": "^2.4.8"
            }
        },
        "denque": {
            "version": "1.5.0",
            "resolved": "https://registry.npmjs.org/denque/-/denque-1.5.0.tgz",
            "integrity": "sha512-CYiCSgIF1p6EUByQPlGkKnP1M9g0ZV3qMIrqMqZqdwazygIA/YP2vrbcyl1h/WppKJTdl1F85cXIle+394iDAQ=="
        },
        "ecurve": {
            "version": "1.0.5",
            "resolved": "https://registry.npmjs.org/ecurve/-/ecurve-1.0.5.tgz",
            "integrity": "sha1-0Ujo/lCmdPmDu1uuCdoOoj4QU14=",
            "requires": {
                "bigi": "^1.1.0"
            }
        },
        "emoji-regex": {
            "version": "8.0.0",
            "resolved": "https://registry.npmjs.org/emoji-regex/-/emoji-regex-8.0.0.tgz",
            "integrity": "sha512-MSjYzcWNOA0ewAHpz0MxpYFvwg6yjy1NG3xteoqz644VCo/RPgnr1/GGt+ic3iJTzQ8Eu3TdM14SawnVUmGE6A=="
        },
        "escalade": {
            "version": "3.1.1",
            "resolved": "https://registry.npmjs.org/escalade/-/escalade-3.1.1.tgz",
            "integrity": "sha512-k0er2gUkLf8O0zKJiAhmkTnJlTvINGv7ygDNPbeIsX/TJjGJZHuh9B2UxbsaEkmlEo9MfhrSzmhIlhRlI2GXnw=="
        },
        "eventemitter3": {
            "version": "3.1.2",
            "resolved": "https://registry.npmjs.org/eventemitter3/-/eventemitter3-3.1.2.tgz",
            "integrity": "sha512-tvtQIeLVHjDkJYnzf2dgVMxfuSGJeM/7UCG17TT4EumTfNtF+0nebF/4zWOIkCreAbtNqhGEboB6BWrwqNaw4Q=="
        },
        "evp_bytestokey": {
            "version": "1.0.3",
            "resolved": "https://registry.npmjs.org/evp_bytestokey/-/evp_bytestokey-1.0.3.tgz",
            "integrity": "sha512-/f2Go4TognH/KvCISP7OUsHn85hT9nUkxxA9BEWxFn+Oj9o8ZNLm/40hdlgSLyuOimsrTKLUMEorQexp/aPQeA==",
            "requires": {
                "md5.js": "^1.3.4",
                "safe-buffer": "^5.1.1"
            }
        },
        "get-caller-file": {
            "version": "2.0.5",
            "resolved": "https://registry.npmjs.org/get-caller-file/-/get-caller-file-2.0.5.tgz",
            "integrity": "sha512-DyFP3BM/3YHTQOCUL/w0OZHR0lpKeGrxotcHWcqNEdnltqFwXVfhEBQ94eIo34AfQpo0rGki4cyIiftY06h2Fg=="
        },
        "hash-base": {
            "version": "3.1.0",
            "resolved": "https://registry.npmjs.org/hash-base/-/hash-base-3.1.0.tgz",
            "integrity": "sha512-1nmYp/rhMDiE7AYkDw+lLwlAzz0AntGIe51F3RfFfEqyQ3feY2eI/NcwC6umIQVOASPMsWJLJScWKSSvzL9IVA==",
            "requires": {
                "inherits": "^2.0.4",
                "readable-stream": "^3.6.0",
                "safe-buffer": "^5.2.0"
            }
        },
        "iconv-lite": {
            "version": "0.6.2",
            "resolved": "https://registry.npmjs.org/iconv-lite/-/iconv-lite-0.6.2.tgz",
            "integrity": "sha512-2y91h5OpQlolefMPmUlivelittSWy0rP+oYVpn6A7GwVHNE8AWzoYOBNmlwks3LobaJxgHCYZAnyNo2GgpNRNQ==",
            "requires": {
                "safer-buffer": ">= 2.1.2 < 3.0.0"
            }
        },
        "inherits": {
            "version": "2.0.4",
            "resolved": "https://registry.npmjs.org/inherits/-/inherits-2.0.4.tgz",
            "integrity": "sha512-k/vGaX4/Yla3WzyMCvTQOXYeIHvqOKtnqBduzTHpzpQZzAskKMhZ2K+EnBiSM9zGSoIFeMpXKxa4dYeZIQqewQ=="
        },
        "ini": {
            "version": "2.0.0",
            "resolved": "https://registry.npmjs.org/ini/-/ini-2.0.0.tgz",
            "integrity": "sha512-7PnF4oN3CvZF23ADhA5wRaYEQpJ8qygSkbtTXWBeXWXmEVRXK+1ITciHWwHhsjv1TmW0MgacIv6hEi5pX5NQdA=="
        },
        "is-fullwidth-code-point": {
            "version": "3.0.0",
            "resolved": "https://registry.npmjs.org/is-fullwidth-code-point/-/is-fullwidth-code-point-3.0.0.tgz",
            "integrity": "sha512-zymm5+u+sCsSWyD9qNaejV3DFvhCKclKdizYaJUuHA83RLjb7nSuGnddCHGv0hk+KY7BMAlsWeK4Ueg6EV6XQg=="
        },
        "isomorphic-ws": {
            "version": "4.0.1",
            "resolved": "https://registry.npmjs.org/isomorphic-ws/-/isomorphic-ws-4.0.1.tgz",
            "integrity": "sha512-BhBvN2MBpWTaSHdWRb/bwdZJ1WaehQ2L1KngkCkfLUGF0mAWAT1sQUQacEmQ0jXkFw/czDXPNQSL5u2/Krsz1w=="
        },
        "jsonrpc2-ws": {
            "version": "1.0.0-beta18",
            "resolved": "https://registry.npmjs.org/jsonrpc2-ws/-/jsonrpc2-ws-1.0.0-beta18.tgz",
            "integrity": "sha512-5RDOkYCtEYqjQf+7wTSQP+YYQYiq/mLEZ7hzn9ogoIDrpuT13yintxhwkFqXcbmpBWSjkguZD5XpRvD25mSYRQ==",
            "requires": {
                "backo2": "^1.0.2",
                "eventemitter3": "^3.1.0",
                "isomorphic-ws": "^4.0.1",
                "uuid": "^3.3.2",
                "ws": "~6.1.4"
            }
        },
        "long": {
            "version": "4.0.0",
            "resolved": "https://registry.npmjs.org/long/-/long-4.0.0.tgz",
            "integrity": "sha512-XsP+KhQif4bjX1kbuSiySJFNAehNxgLb6hPRGJ9QsUr8ajHkuXGdrHmFUTUUXhDwVX2R5bY4JNZEwbUiMhV+MA=="
        },
        "mariadb": {
            "version": "2.5.3",
            "resolved": "https://registry.npmjs.org/mariadb/-/mariadb-2.5.3.tgz",
            "integrity": "sha512-9ZbQ1zLqasLCQy6KDcPHtX7EUIMBlQ8p64gNR61+yfpCIWjPDji3aR56LvwbOz1QnQbVgYBOJ4J/pHoFN5MR+w==",
            "requires": {
                "@types/geojson": "^7946.0.7",
                "@types/node": "^14.14.28",
                "denque": "^1.4.1",
                "iconv-lite": "^0.6.2",
                "long": "^4.0.0",
                "moment-timezone": "^0.5.33",
                "please-upgrade-node": "^3.2.0"
            }
        },
        "md5.js": {
            "version": "1.3.5",
            "resolved": "https://registry.npmjs.org/md5.js/-/md5.js-1.3.5.tgz",
            "integrity": "sha512-xitP+WxNPcTTOgnTJcrhM0xvdPepipPSf3I8EIpGKeFLjt3PlJLIDG3u8EX53ZIubkb+5U2+3rELYpEhHhzdkg==",
            "requires": {
                "hash-base": "^3.0.0",
                "inherits": "^2.0.1",
                "safe-buffer": "^5.1.2"
            }
        },
        "moment": {
            "version": "2.29.1",
            "resolved": "https://registry.npmjs.org/moment/-/moment-2.29.1.tgz",
            "integrity": "sha512-kHmoybcPV8Sqy59DwNDY3Jefr64lK/by/da0ViFcuA4DH0vQg5Q6Ze5VimxkfQNSC+Mls/Kx53s7TjP1RhFEDQ=="
        },
        "moment-timezone": {
            "version": "0.5.33",
            "resolved": "https://registry.npmjs.org/moment-timezone/-/moment-timezone-0.5.33.tgz",
            "integrity": "sha512-PTc2vcT8K9J5/9rDEPe5czSIKgLoGsH8UNpA4qZTVw0Vd/Uz19geE9abbIOQKaAQFcnQ3v5YEXrbSc5BpshH+w==",
            "requires": {
                "moment": ">= 2.9.0"
            }
        },
        "nconf": {
            "version": "0.11.2",
            "resolved": "https://registry.npmjs.org/nconf/-/nconf-0.11.2.tgz",
            "integrity": "sha512-gDmn0Fgt0U0esRE8OCF72tO8AA9dtlG9eZhW4/Ex5hozNC2/LgdhWO4vKLGHNfTxcvsv6Aoxk/ROVYJD2SAdyg==",
            "requires": {
                "async": "^1.4.0",
                "ini": "^2.0.0",
                "secure-keys": "^1.0.0",
                "yargs": "^16.1.1"
            }
        },
        "please-upgrade-node": {
            "version": "3.2.0",
            "resolved": "https://registry.npmjs.org/please-upgrade-node/-/please-upgrade-node-3.2.0.tgz",
            "integrity": "sha512-gQR3WpIgNIKwBMVLkpMUeR3e1/E1y42bqDQZfql+kDeXd8COYfM8PQA4X6y7a8u9Ua9FHmsrrmirW2vHs45hWg==",
            "requires": {
                "semver-compare": "^1.0.0"
            }
        },
        "randombytes": {
            "version": "2.0.5",
            "resolved": "https://registry.npmjs.org/randombytes/-/randombytes-2.0.5.tgz",
            "integrity": "sha512-8T7Zn1AhMsQ/HI1SjcCfT/t4ii3eAqco3yOcSzS4mozsOz69lHLsoMXmF9nZgnFanYscnSlUSgs8uZyKzpE6kg==",
            "requires": {
                "safe-buffer": "^5.1.0"
            }
        },
        "readable-stream": {
            "version": "3.6.0",
            "resolved": "https://registry.npmjs.org/readable-stream/-/readable-stream-3.6.0.tgz",
            "integrity": "sha512-BViHy7LKeTz4oNnkcLJ+lVSL6vpiFeX6/d3oSH8zCW7UxP2onchk+vTGB143xuFjHS3deTgkKoXXymXqymiIdA==",
            "requires": {
                "inherits": "^2.0.3",
                "string_decoder": "^1.1.1",
                "util-deprecate": "^1.0.1"
            }
        },
        "regenerator-runtime": {
            "version": "0.11.1",
            "resolved": "https://registry.npmjs.org/regenerator-runtime/-/regenerator-runtime-0.11.1.tgz",
            "integrity": "sha512-MguG95oij0fC3QV3URf4V2SDYGJhJnJGqvIIgdECeODCT98wSWDAJ94SSuVpYQUoTcGUIL6L4yNB7j1DFFHSBg=="
        },
        "require-directory": {
            "version": "2.1.1",
            "resolved": "https://registry.npmjs.org/require-directory/-/require-directory-2.1.1.tgz",
            "integrity": "sha1-jGStX9MNqxyXbiNE/+f3kqam30I="
        },
        "ripemd160": {
            "version": "2.0.2",
            "resolved": "https://registry.npmjs.org/ripemd160/-/ripemd160-2.0.2.tgz",
            "integrity": "sha512-ii4iagi25WusVoiC4B4lq7pbXfAp3D9v5CwfkY33vffw2+pkDjY1D8GaN7spsxvCSx8dkPqOZCEZyfxcmJG2IA==",
            "requires": {
                "hash-base": "^3.0.0",
                "inherits": "^2.0.1"
            }
        },
        "roxejs": {
            "version": "1.0.4",
            "resolved": "https://registry.npmjs.org/roxejs/-/roxejs-1.0.4.tgz",
            "integrity": "sha512-G3ipUaUneueBtzkf2z+WGsNWQ1wjIASBK8bf+PvuZp0uZEOWcF3nSl/Dr29Kq/j0KDwpFw/7OVVIaIo1YkktFw==",
            "requires": {
                "babel-runtime": "6.26.0",
                "roxejs-ecc": "1.0.0",
                "text-encoding": "0.7.0"
            }
        },
        "roxejs-ecc": {
            "version": "1.0.0",
            "resolved": "https://registry.npmjs.org/roxejs-ecc/-/roxejs-ecc-1.0.0.tgz",
            "integrity": "sha512-MVZ47cu0j3snqEPvI5CWgRx0P3mqr06H66xukZhSHyUpF0nnT2GhWxvG4VSj8LfCLjC9FEjt1nHm4ccEs1FwAg==",
            "requires": {
                "@babel/runtime": "7.6.0",
                "bigi": "1.4.2",
                "browserify-aes": "1.0.6",
                "bs58": "4.0.1",
                "bytebuffer": "5.0.1",
                "create-hash": "1.1.3",
                "create-hmac": "1.1.6",
                "ecurve": "1.0.5",
                "randombytes": "2.0.5"
            }
        },
        "safe-buffer": {
            "version": "5.2.1",
            "resolved": "https://registry.npmjs.org/safe-buffer/-/safe-buffer-5.2.1.tgz",
            "integrity": "sha512-rp3So07KcdmmKbGvgaNxQSJr7bGVSVk5S9Eq1F+ppbRo70+YeaDxkw5Dd8NPN+GD6bjnYm2VuPuCXmpuYvmCXQ=="
        },
        "safer-buffer": {
            "version": "2.1.2",
            "resolved": "https://registry.npmjs.org/safer-buffer/-/safer-buffer-2.1.2.tgz",
            "integrity": "sha512-YZo3K82SD7Riyi0E1EQPojLz7kpepnSQI9IyPbHHg1XXXevb5dJI7tpyN2ADxGcQbHG7vcyRHk0cbwqcQriUtg=="
        },
        "secure-keys": {
            "version": "1.0.0",
            "resolved": "https://registry.npmjs.org/secure-keys/-/secure-keys-1.0.0.tgz",
            "integrity": "sha1-8MgtmKOxOah3aogIBQuCRDEIf8o="
        },
        "semver-compare": {
            "version": "1.0.0",
            "resolved": "https://registry.npmjs.org/semver-compare/-/semver-compare-1.0.0.tgz",
            "integrity": "sha1-De4hahyUGrN+nvsXiPavxf9VN/w="
        },
        "sha.js": {
            "version": "2.4.11",
            "resolved": "https://registry.npmjs.org/sha.js/-/sha.js-2.4.11.tgz",
            "integrity": "sha512-QMEp5B7cftE7APOjk5Y6xgrbWu+WkLVQwk8JNjZ8nKRciZaByEW6MubieAiToS7+dwvrjGhH8jRXz3MVd0AYqQ==",
            "requires": {
                "inherits": "^2.0.1",
                "safe-buffer": "^5.0.1"
            }
        },
        "string-width": {
            "version": "4.2.2",
            "resolved": "https://registry.npmjs.org/string-width/-/string-width-4.2.2.tgz",
            "integrity": "sha512-XBJbT3N4JhVumXE0eoLU9DCjcaF92KLNqTmFCnG1pf8duUxFGwtP6AD6nkjw9a3IdiRtL3E2w3JDiE/xi3vOeA==",
            "requires": {
                "emoji-regex": "^8.0.0",
                "is-fullwidth-code-point": "^3.0.0",
                "strip-ansi": "^6.0.0"
            }
        },
        "string_decoder": {
            "version": "1.3.0",
            "resolved": "https://registry.npmjs.org/string_decoder/-/string_decoder-1.3.0.tgz",
            "integrity": "sha512-hkRX8U1WjJFd8LsDJ2yQ/wWWxaopEsABU1XfkM8A+j0+85JAGppt16cr1Whg6KIbb4okU6Mql6BOj+uup/wKeA==",
            "requires": {
                "safe-buffer": "~5.2.0"
            }
        },
        "strip-ansi": {
            "version": "6.0.0",
            "resolved": "https://registry.npmjs.org/strip-ansi/-/strip-ansi-6.0.0.tgz",
            "integrity": "sha512-AuvKTrTfQNYNIctbR1K/YGTR1756GycPsg7b9bdV9Duqur4gv6aKqHXah67Z8ImS7WEz5QVcOtlfW2rZEugt6w==",
            "requires": {
                "ansi-regex": "^5.0.0"
            }
        },
        "text-encoding": {
            "version": "0.7.0",
            "resolved": "https://registry.npmjs.org/text-encoding/-/text-encoding-0.7.0.tgz",
            "integrity": "sha512-oJQ3f1hrOnbRLOcwKz0Liq2IcrvDeZRHXhd9RgLrsT+DjWY/nty1Hi7v3dtkaEYbPYe0mUoOfzRrMwfXXwgPUA=="
        },
        "util-deprecate": {
            "version": "1.0.2",
            "resolved": "https://registry.npmjs.org/util-deprecate/-/util-deprecate-1.0.2.tgz",
            "integrity": "sha1-RQ1Nyfpw3nMnYvvS1KKJgUGaDM8="
        },
        "uuid": {
            "version": "3.4.0",
            "resolved": "https://registry.npmjs.org/uuid/-/uuid-3.4.0.tgz",
            "integrity": "sha512-HjSDRw6gZE5JMggctHBcjVak08+KEVhSIiDzFnT9S9aegmp85S/bReBVTb4QTFaRNptJ9kuYaNhnbNEOkbKb/A=="
        },
        "wrap-ansi": {
            "version": "7.0.0",
            "resolved": "https://registry.npmjs.org/wrap-ansi/-/wrap-ansi-7.0.0.tgz",
            "integrity": "sha512-YVGIj2kamLSTxw6NsZjoBxfSwsn0ycdesmc4p+Q21c5zPuZ1pl+NfxVdxPtdHvmNVOQ6XSYG4AUtyt/Fi7D16Q==",
            "requires": {
                "ansi-styles": "^4.0.0",
                "string-width": "^4.1.0",
                "strip-ansi": "^6.0.0"
            }
        },
        "ws": {
            "version": "6.1.4",
            "resolved": "https://registry.npmjs.org/ws/-/ws-6.1.4.tgz",
            "integrity": "sha512-eqZfL+NE/YQc1/ZynhojeV8q+H050oR8AZ2uIev7RU10svA9ZnJUddHcOUZTJLinZ9yEfdA2kSATS2qZK5fhJA==",
            "requires": {
                "async-limiter": "~1.0.0"
            }
        },
        "y18n": {
            "version": "5.0.5",
            "resolved": "https://registry.npmjs.org/y18n/-/y18n-5.0.5.tgz",
            "integrity": "sha512-hsRUr4FFrvhhRH12wOdfs38Gy7k2FFzB9qgN9v3aLykRq0dRcdcpz5C9FxdS2NuhOrI/628b/KSTJ3rwHysYSg=="
        },
        "yargs": {
            "version": "16.2.0",
            "resolved": "https://registry.npmjs.org/yargs/-/yargs-16.2.0.tgz",
            "integrity": "sha512-D1mvvtDG0L5ft/jGWkLpG1+m0eQxOfaBvTNELraWj22wSVUMWxZUvYgJYcKh6jGGIkJFhH4IZPQhR4TKpc8mBw==",
            "requires": {
                "cliui": "^7.0.2",
                "escalade": "^3.1.1",
                "get-caller-file": "^2.0.5",
                "require-directory": "^2.1.1",
                "string-width": "^4.2.0",
                "y18n": "^5.0.5",
                "yargs-parser": "^20.2.2"
            }
        },
        "yargs-parser": {
            "version": "20.2.7",
            "resolved": "https://registry.npmjs.org/yargs-parser/-/yargs-parser-20.2.7.tgz",
            "integrity": "sha512-FiNkvbeHzB/syOjIUxFDCnhSfzAL8R5vs40MgLFBorXACCOAEaWu0gRZl14vG8MR9AOJIZbmkjhusqBYZ3HTHw=="
        }
    }
}
